
Microsoft Visual Studio Solution File, Format Version 12.00
# Visual Studio Version 17
VisualStudioVersion = 17.1.32328.378
MinimumVisualStudioVersion = 10.0.40219.1
Project("{2150E333-8FDC-42A3-9474-1A3956D46DE8}") = "01 - SingleResponsibilityPrinciple", "01 - SingleResponsibilityPrinciple", "{5EE1B0E8-2397-444D-801F-E6A911A31F6B}"
EndProject
Project("{9A19103F-16F7-4668-BE54-9A1E7A4F7556}") = "Principios.Solid.Srp", "Principios.Solid.Srp\Principios.Solid.Srp.csproj", "{00036FD2-D33B-4028-BAD5-E498DBBEA2A1}"
EndProject
Project("{2150E333-8FDC-42A3-9474-1A3956D46DE8}") = "02 - OpenClosedPrinciple", "02 - OpenClosedPrinciple", "{AE35FEAB-AA9D-49D2-8F53-1B40761A7C9A}"
EndProject
Project("{9A19103F-16F7-4668-BE54-9A1E7A4F7556}") = "Principios.Solid.Ocp", "Principios.Solid.Ocp\Principios.Solid.Ocp.csproj", "{4736DDC2-8018-4148-852E-8AB36BF9CA42}"
EndProject
Project("{2150E333-8FDC-42A3-9474-1A3956D46DE8}") = "03 - LiskovSubstitutionPrinciple", "03 - LiskovSubstitutionPrinciple", "{C3BF7A49-01B8-4169-A6A7-747E7917C8D7}"
EndProject
Project("{9A19103F-16F7-4668-BE54-9A1E7A4F7556}") = "Principios.Solid.Lsp", "Principios.Solid.Lsp\Principios.Solid.Lsp.csproj", "{C420B6B3-E189-47DC-986E-B4CD85001D09}"
EndProject
Project("{2150E333-8FDC-42A3-9474-1A3956D46DE8}") = "04 - InterfaceSegregationPrinciple", "04 - InterfaceSegregationPrinciple", "{D920017D-AD1D-4FF2-B0D9-CBBD8EB37BF2}"
EndProject
Project("{9A19103F-16F7-4668-BE54-9A1E7A4F7556}") = "Principios.Solid.Isp", "Principios.Solid.Isp\Principios.Solid.Isp.csproj", "{C852B3CE-0567-40BA-8AD7-661A6B96EFEA}"
EndProject
Project("{2150E333-8FDC-42A3-9474-1A3956D46DE8}") = "05 - DependencyInversionPrinciple", "05 - DependencyInversionPrinciple", "{67BE48F9-8FFA-4A2F-8B68-9D04CA00E73A}"
EndProject
Project("{9A19103F-16F7-4668-BE54-9A1E7A4F7556}") = "Principios.Solid.Dip", "Principios.Solid.Dip\Principios.Solid.Dip.csproj", "{DA3C9855-6107-455E-B44C-9398FFBD6FF0}"
EndProject
Global
	GlobalSection(SolutionConfigurationPlatforms) = preSolution
		Debug|Any CPU = Debug|Any CPU
		Release|Any CPU = Release|Any CPU
	EndGlobalSection
	GlobalSection(ProjectConfigurationPlatforms) = postSolution
		{00036FD2-D33B-4028-BAD5-E498DBBEA2A1}.Debug|Any CPU.ActiveCfg = Debug|Any CPU
		{00036FD2-D33B-4028-BAD5-E498DBBEA2A1}.Debug|Any CPU.Build.0 = Debug|Any CPU
		{00036FD2-D33B-4028-BAD5-E498DBBEA2A1}.Release|Any CPU.ActiveCfg = Release|Any CPU
		{00036FD2-D33B-4028-BAD5-E498DBBEA2A1}.Release|Any CPU.Build.0 = Release|Any CPU
		{4736DDC2-8018-4148-852E-8AB36BF9CA42}.Debug|Any CPU.ActiveCfg = Debug|Any CPU
		{4736DDC2-8018-4148-852E-8AB36BF9CA42}.Debug|Any CPU.Build.0 = Debug|Any CPU
		{4736DDC2-8018-4148-852E-8AB36BF9CA42}.Release|Any CPU.ActiveCfg = Release|Any CPU
		{4736DDC2-8018-4148-852E-8AB36BF9CA42}.Release|Any CPU.Build.0 = Release|Any CPU
		{C420B6B3-E189-47DC-986E-B4CD85001D09}.Debug|Any CPU.ActiveCfg = Debug|Any CPU
		{C420B6B3-E189-47DC-986E-B4CD85001D09}.Debug|Any CPU.Build.0 = Debug|Any CPU
		{C420B6B3-E189-47DC-986E-B4CD85001D09}.Release|Any CPU.ActiveCfg = Release|Any CPU
		{C420B6B3-E189-47DC-986E-B4CD85001D09}.Release|Any CPU.Build.0 = Release|Any CPU
		{C852B3CE-0567-40BA-8AD7-661A6B96EFEA}.Debug|Any CPU.ActiveCfg = Debug|Any CPU
		{C852B3CE-0567-40BA-8AD7-661A6B96EFEA}.Debug|Any CPU.Build.0 = Debug|Any CPU
		{C852B3CE-0567-40BA-8AD7-661A6B96EFEA}.Release|Any CPU.ActiveCfg = Release|Any CPU
		{C852B3CE-0567-40BA-8AD7-661A6B96EFEA}.Release|Any CPU.Build.0 = Release|Any CPU
		{DA3C9855-6107-455E-B44C-9398FFBD6FF0}.Debug|Any CPU.ActiveCfg = Debug|Any CPU
		{DA3C9855-6107-455E-B44C-9398FFBD6FF0}.Debug|Any CPU.Build.0 = Debug|Any CPU
		{DA3C9855-6107-455E-B44C-9398FFBD6FF0}.Release|Any CPU.ActiveCfg = Release|Any CPU
		{DA3C9855-6107-455E-B44C-9398FFBD6FF0}.Release|Any CPU.Build.0 = Release|Any CPU
	EndGlobalSection
	GlobalSection(SolutionProperties) = preSolution
		HideSolutionNode = FALSE
	EndGlobalSection
	GlobalSection(NestedProjects) = preSolution
		{00036FD2-D33B-4028-BAD5-E498DBBEA2A1} = {5EE1B0E8-2397-444D-801F-E6A911A31F6B}
		{4736DDC2-8018-4148-852E-8AB36BF9CA42} = {AE35FEAB-AA9D-49D2-8F53-1B40761A7C9A}
		{C420B6B3-E189-47DC-986E-B4CD85001D09} = {C3BF7A49-01B8-4169-A6A7-747E7917C8D7}
		{C852B3CE-0567-40BA-8AD7-661A6B96EFEA} = {D920017D-AD1D-4FF2-B0D9-CBBD8EB37BF2}
		{DA3C9855-6107-455E-B44C-9398FFBD6FF0} = {67BE48F9-8FFA-4A2F-8B68-9D04CA00E73A}
	EndGlobalSection
	GlobalSection(ExtensibilityGlobals) = postSolution
		SolutionGuid = {EFEF3A37-75D8-4593-AEA0-996D560CFCF1}
	EndGlobalSection
EndGlobal
